Microsoft Visual Studio Solution File, Format Version 11.00
# Visual Studio 2008

Project("{7E787469-B0E7-96FB-D317-09CAECFC4D8A}") = "2dSideScrollerGame", "Assembly-CSharp-firstpass-vs.csproj", "{A78F8A1A-65BE-2682-7513-014C89F5FD87}"
EndProject
Project("{7E787469-B0E7-96FB-D317-09CAECFC4D8A}") = "2dSideScrollerGame", "Assembly-CSharp-vs.csproj", "{A125A2E1-3C81-11CD-7BC4-8DD7816F0921}"
EndProject
Project("{7E787469-B0E7-96FB-D317-09CAECFC4D8A}") = "2dSideScrollerGame", "Assembly-CSharp-Editor-vs.csproj", "{A47F90BC-8417-1C86-8347-19AAB19E958A}"
EndProject
Global
	GlobalSection(SolutionConfigurationPlatforms) = preSolution
		Debug|Any CPU = Debug|Any CPU
		Release|Any CPU = Release|Any CPU
	EndGlobalSection
	GlobalSection(ProjectConfigurationPlatforms) = postSolution
		{A78F8A1A-65BE-2682-7513-014C89F5FD87}.Debug|Any CPU.ActiveCfg = Debug|Any CPU
		{A78F8A1A-65BE-2682-7513-014C89F5FD87}.Debug|Any CPU.Build.0 = Debug|Any CPU
		{A78F8A1A-65BE-2682-7513-014C89F5FD87}.Release|Any CPU.ActiveCfg = Release|Any CPU
		{A78F8A1A-65BE-2682-7513-014C89F5FD87}.Release|Any CPU.Build.0 = Release|Any CPU
		{A125A2E1-3C81-11CD-7BC4-8DD7816F0921}.Debug|Any CPU.ActiveCfg = Debug|Any CPU
		{A125A2E1-3C81-11CD-7BC4-8DD7816F0921}.Debug|Any CPU.Build.0 = Debug|Any CPU
		{A125A2E1-3C81-11CD-7BC4-8DD7816F0921}.Release|Any CPU.ActiveCfg = Release|Any CPU
		{A125A2E1-3C81-11CD-7BC4-8DD7816F0921}.Release|Any CPU.Build.0 = Release|Any CPU
		{A47F90BC-8417-1C86-8347-19AAB19E958A}.Debug|Any CPU.ActiveCfg = Debug|Any CPU
		{A47F90BC-8417-1C86-8347-19AAB19E958A}.Debug|Any CPU.Build.0 = Debug|Any CPU
		{A47F90BC-8417-1C86-8347-19AAB19E958A}.Release|Any CPU.ActiveCfg = Release|Any CPU
		{A47F90BC-8417-1C86-8347-19AAB19E958A}.Release|Any CPU.Build.0 = Release|Any CPU
	EndGlobalSection
	GlobalSection(SolutionProperties) = preSolution
		HideSolutionNode = FALSE
	EndGlobalSection
																GlobalSection(MonoDevelopProperties) = preSolution
		StartupItem = Assembly-CSharp.csproj
		Policies = $0
		$0.TextStylePolicy = $1
		$1.inheritsSet = null
		$1.scope = text/x-csharp
		$0.CSharpFormattingPolicy = $2
		$2.inheritsSet = Mono
		$2.inheritsScope = text/x-csharp
		$2.scope = text/x-csharp
		$0.TextStylePolicy = $3
		$3.FileWidth = 120
		$3.TabWidth = 4
		$3.IndentWidth = 4
		$3.EolMarker = Unix
		$3.inheritsSet = Mono
		$3.inheritsScope = text/plain
		$3.scope = text/plain
	EndGlobalSection

EndGlobal
